Microsoft Visual Studio Solution File, Format Version 12.00
# Visual Studio 15
VisualStudioVersion = 15.0.27130.2010
MinimumVisualStudioVersion = 15.0.26124.0
Project("{9A19103F-16F7-4668-BE54-9A1E7A4F7556}") = "api", "api\api.csproj", "{395194DA-84B9-4E9B-BA03-F4D091155E37}"
EndProject
Project("{9A19103F-16F7-4668-BE54-9A1E7A4F7556}") = "tests", "tests\tests.csproj", "{937920BE-B09A-44CE-B724-2FEAD8B09CDA}"
EndProject
Project("{9A19103F-16F7-4668-BE54-9A1E7A4F7556}") = "integration", "integration\integration.csproj", "{88A76818-CE0A-471C-85E5-E5533C2114F9}"
EndProject
Global
	GlobalSection(SolutionConfigurationPlatforms) = preSolution
		Debug|Any CPU = Debug|Any CPU
		Debug|x64 = Debug|x64
		Debug|x86 = Debug|x86
		Release|Any CPU = Release|Any CPU
		Release|x64 = Release|x64
		Release|x86 = Release|x86
	EndGlobalSection
	GlobalSection(ProjectConfigurationPlatforms) = postSolution
		{395194DA-84B9-4E9B-BA03-F4D091155E37}.Debug|Any CPU.ActiveCfg = Debug|Any CPU
		{395194DA-84B9-4E9B-BA03-F4D091155E37}.Debug|Any CPU.Build.0 = Debug|Any CPU
		{395194DA-84B9-4E9B-BA03-F4D091155E37}.Debug|x64.ActiveCfg = Debug|Any CPU
		{395194DA-84B9-4E9B-BA03-F4D091155E37}.Debug|x64.Build.0 = Debug|Any CPU
		{395194DA-84B9-4E9B-BA03-F4D091155E37}.Debug|x86.ActiveCfg = Debug|Any CPU
		{395194DA-84B9-4E9B-BA03-F4D091155E37}.Debug|x86.Build.0 = Debug|Any CPU
		{395194DA-84B9-4E9B-BA03-F4D091155E37}.Release|Any CPU.ActiveCfg = Release|Any CPU
		{395194DA-84B9-4E9B-BA03-F4D091155E37}.Release|Any CPU.Build.0 = Release|Any CPU
		{395194DA-84B9-4E9B-BA03-F4D091155E37}.Release|x64.ActiveCfg = Release|Any CPU
		{395194DA-84B9-4E9B-BA03-F4D091155E37}.Release|x64.Build.0 = Release|Any CPU
		{395194DA-84B9-4E9B-BA03-F4D091155E37}.Release|x86.ActiveCfg = Release|Any CPU
		{395194DA-84B9-4E9B-BA03-F4D091155E37}.Release|x86.Build.0 = Release|Any CPU
		{937920BE-B09A-44CE-B724-2FEAD8B09CDA}.Debug|Any CPU.ActiveCfg = Debug|Any CPU
		{937920BE-B09A-44CE-B724-2FEAD8B09CDA}.Debug|Any CPU.Build.0 = Debug|Any CPU
		{937920BE-B09A-44CE-B724-2FEAD8B09CDA}.Debug|x64.ActiveCfg = Debug|Any CPU
		{937920BE-B09A-44CE-B724-2FEAD8B09CDA}.Debug|x64.Build.0 = Debug|Any CPU
		{937920BE-B09A-44CE-B724-2FEAD8B09CDA}.Debug|x86.ActiveCfg = Debug|Any CPU
		{937920BE-B09A-44CE-B724-2FEAD8B09CDA}.Debug|x86.Build.0 = Debug|Any CPU
		{937920BE-B09A-44CE-B724-2FEAD8B09CDA}.Release|Any CPU.ActiveCfg = Release|Any CPU
		{937920BE-B09A-44CE-B724-2FEAD8B09CDA}.Release|Any CPU.Build.0 = Release|Any CPU
		{937920BE-B09A-44CE-B724-2FEAD8B09CDA}.Release|x64.ActiveCfg = Release|Any CPU
		{937920BE-B09A-44CE-B724-2FEAD8B09CDA}.Release|x64.Build.0 = Release|Any CPU
		{937920BE-B09A-44CE-B724-2FEAD8B09CDA}.Release|x86.ActiveCfg = Release|Any CPU
		{937920BE-B09A-44CE-B724-2FEAD8B09CDA}.Release|x86.Build.0 = Release|Any CPU
		{88A76818-CE0A-471C-85E5-E5533C2114F9}.Debug|Any CPU.ActiveCfg = Debug|Any CPU
		{88A76818-CE0A-471C-85E5-E5533C2114F9}.Debug|Any CPU.Build.0 = Debug|Any CPU
		{88A76818-CE0A-471C-85E5-E5533C2114F9}.Debug|x64.ActiveCfg = Debug|Any CPU
		{88A76818-CE0A-471C-85E5-E5533C2114F9}.Debug|x64.Build.0 = Debug|Any CPU
		{88A76818-CE0A-471C-85E5-E5533C2114F9}.Debug|x86.ActiveCfg = Debug|Any CPU
		{88A76818-CE0A-471C-85E5-E5533C2114F9}.Debug|x86.Build.0 = Debug|Any CPU
		{88A76818-CE0A-471C-85E5-E5533C2114F9}.Release|Any CPU.ActiveCfg = Release|Any CPU
		{88A76818-CE0A-471C-85E5-E5533C2114F9}.Release|Any CPU.Build.0 = Release|Any CPU
		{88A76818-CE0A-471C-85E5-E5533C2114F9}.Release|x64.ActiveCfg = Release|Any CPU
		{88A76818-CE0A-471C-85E5-E5533C2114F9}.Release|x64.Build.0 = Release|Any CPU
		{88A76818-CE0A-471C-85E5-E5533C2114F9}.Release|x86.ActiveCfg = Release|Any CPU
		{88A76818-CE0A-471C-85E5-E5533C2114F9}.Release|x86.Build.0 = Release|Any CPU
	EndGlobalSection
	GlobalSection(SolutionProperties) = preSolution
		HideSolutionNode = FALSE
	EndGlobalSection
	GlobalSection(ExtensibilityGlobals) = postSolution
		SolutionGuid = {C6676076-F5C6-49AA-9550-BAD69FCBAFDB}
	EndGlobalSection
EndGlobal
